
Microsoft Visual Studio Solution File, Format Version 12.00
# Visual Studio Version 16
VisualStudioVersion = 16.0.34301.259
MinimumVisualStudioVersion = 10.0.40219.1
Project("{2150E333-8FDC-42A3-9474-1A3956D46DE8}") = "Task0", "Task0", "{B265B660-7237-4861-90D3-845B04414859}"
EndProject
Project("{FAE04EC0-301F-11D3-BF4B-00C04F79EFBC}") = "Tyuiu.KorneevaEA.Sprint6.Task0.V2.Test", "Tyuiu.KorneevaEA.Sprint6.Task0.V2.Test\Tyuiu.KorneevaEA.Sprint6.Task0.V2.Test.csproj", "{3F52880A-6769-45B8-9ADB-11C6EF26C318}"
EndProject
Project("{FAE04EC0-301F-11D3-BF4B-00C04F79EFBC}") = "Tyuiu.KorneevaEA.Sprint6.Task0.V2.Lib", "Tyuiu.KorneevaEA.Sprint6.Task0.V2.Lib\Tyuiu.KorneevaEA.Sprint6.Task0.V2.Lib.csproj", "{CE50BA7B-3EFA-4D97-9549-9051AA5241FC}"
EndProject
Project("{FAE04EC0-301F-11D3-BF4B-00C04F79EFBC}") = "Tyuiu.KorneevaEA.Sprint6.Task0.V2", "Tyuiu.KorneevaEA.Sprint6.Task0.V2\Tyuiu.KorneevaEA.Sprint6.Task0.V2.csproj", "{6E409EBF-104A-49EF-B39A-6ACF7070830C}"
EndProject
Project("{2150E333-8FDC-42A3-9474-1A3956D46DE8}") = "Task1", "Task1", "{E9E373CD-0967-4A60-AB5F-35377C131F93}"
EndProject
Project("{FAE04EC0-301F-11D3-BF4B-00C04F79EFBC}") = "Tyuiu.KorneevaEA.Sprint6.Task1.V30.Test", "Tyuiu.KorneevaEA.Sprint6.Task1.V30.Test\Tyuiu.KorneevaEA.Sprint6.Task1.V30.Test.csproj", "{C65AF584-C97C-4987-8767-68884E7DD60A}"
EndProject
Project("{FAE04EC0-301F-11D3-BF4B-00C04F79EFBC}") = "Tyuiu.KorneevaEA.Sprint6.Task1.V30.Lib", "Tyuiu.KorneevaEA.Sprint6.Task1.V30.Lib\Tyuiu.KorneevaEA.Sprint6.Task1.V30.Lib.csproj", "{CD788F83-2371-4EA4-9A5B-E7906DF38088}"
EndProject
Project("{FAE04EC0-301F-11D3-BF4B-00C04F79EFBC}") = "Tyuiu.KorneevaEA.Sprint6.Task1.V30", "Tyuiu.KorneevaEA.Sprint6.Task1.V30\Tyuiu.KorneevaEA.Sprint6.Task1.V30.csproj", "{C03FFBEC-293C-455E-8B86-63E0DA832371}"
EndProject
Project("{2150E333-8FDC-42A3-9474-1A3956D46DE8}") = "Task2", "Task2", "{4E6EFC05-2EE8-4C71-A723-D64F3DD8D106}"
EndProject
Project("{FAE04EC0-301F-11D3-BF4B-00C04F79EFBC}") = "Tyuiu.KorneevaEA.Sprint6.Task2.V26.Lib", "Tyuiu.KorneevaEA.Sprint6.Task2.V26.Lib\Tyuiu.KorneevaEA.Sprint6.Task2.V26.Lib.csproj", "{670110F4-1A2A-4B9F-95E0-B5C89C0602EC}"
EndProject
Project("{FAE04EC0-301F-11D3-BF4B-00C04F79EFBC}") = "Tyuiu.KorneevaEA.Sprint6.Task2.V26.Test", "Tyuiu.KorneevaEA.Sprint6.Task2.V26.Test\Tyuiu.KorneevaEA.Sprint6.Task2.V26.Test.csproj", "{07E894A4-D36F-4719-8698-B190F0640144}"
EndProject
Project("{FAE04EC0-301F-11D3-BF4B-00C04F79EFBC}") = "Tyuiu.KorneevaEA.Sprint6.Task2.V26", "Tyuiu.KorneevaEA.Sprint6.Task2.V26\Tyuiu.KorneevaEA.Sprint6.Task2.V26.csproj", "{5AAE4C49-1AB6-4EF0-AB98-EF831D9EEFC0}"
EndProject
Global
	GlobalSection(SolutionConfigurationPlatforms) = preSolution
		Debug|Any CPU = Debug|Any CPU
		Release|Any CPU = Release|Any CPU
	EndGlobalSection
	GlobalSection(ProjectConfigurationPlatforms) = postSolution
		{3F52880A-6769-45B8-9ADB-11C6EF26C318}.Debug|Any CPU.ActiveCfg = Debug|Any CPU
		{3F52880A-6769-45B8-9ADB-11C6EF26C318}.Debug|Any CPU.Build.0 = Debug|Any CPU
		{3F52880A-6769-45B8-9ADB-11C6EF26C318}.Release|Any CPU.ActiveCfg = Release|Any CPU
		{3F52880A-6769-45B8-9ADB-11C6EF26C318}.Release|Any CPU.Build.0 = Release|Any CPU
		{CE50BA7B-3EFA-4D97-9549-9051AA5241FC}.Debug|Any CPU.ActiveCfg = Debug|Any CPU
		{CE50BA7B-3EFA-4D97-9549-9051AA5241FC}.Debug|Any CPU.Build.0 = Debug|Any CPU
		{CE50BA7B-3EFA-4D97-9549-9051AA5241FC}.Release|Any CPU.ActiveCfg = Release|Any CPU
		{CE50BA7B-3EFA-4D97-9549-9051AA5241FC}.Release|Any CPU.Build.0 = Release|Any CPU
		{6E409EBF-104A-49EF-B39A-6ACF7070830C}.Debug|Any CPU.ActiveCfg = Debug|Any CPU
		{6E409EBF-104A-49EF-B39A-6ACF7070830C}.Debug|Any CPU.Build.0 = Debug|Any CPU
		{6E409EBF-104A-49EF-B39A-6ACF7070830C}.Release|Any CPU.ActiveCfg = Release|Any CPU
		{6E409EBF-104A-49EF-B39A-6ACF7070830C}.Release|Any CPU.Build.0 = Release|Any CPU
		{C65AF584-C97C-4987-8767-68884E7DD60A}.Debug|Any CPU.ActiveCfg = Debug|Any CPU
		{C65AF584-C97C-4987-8767-68884E7DD60A}.Debug|Any CPU.Build.0 = Debug|Any CPU
		{C65AF584-C97C-4987-8767-68884E7DD60A}.Release|Any CPU.ActiveCfg = Release|Any CPU
		{C65AF584-C97C-4987-8767-68884E7DD60A}.Release|Any CPU.Build.0 = Release|Any CPU
		{CD788F83-2371-4EA4-9A5B-E7906DF38088}.Debug|Any CPU.ActiveCfg = Debug|Any CPU
		{CD788F83-2371-4EA4-9A5B-E7906DF38088}.Debug|Any CPU.Build.0 = Debug|Any CPU
		{CD788F83-2371-4EA4-9A5B-E7906DF38088}.Release|Any CPU.ActiveCfg = Release|Any CPU
		{CD788F83-2371-4EA4-9A5B-E7906DF38088}.Release|Any CPU.Build.0 = Release|Any CPU
		{C03FFBEC-293C-455E-8B86-63E0DA832371}.Debug|Any CPU.ActiveCfg = Debug|Any CPU
		{C03FFBEC-293C-455E-8B86-63E0DA832371}.Debug|Any CPU.Build.0 = Debug|Any CPU
		{C03FFBEC-293C-455E-8B86-63E0DA832371}.Release|Any CPU.ActiveCfg = Release|Any CPU
		{C03FFBEC-293C-455E-8B86-63E0DA832371}.Release|Any CPU.Build.0 = Release|Any CPU
		{670110F4-1A2A-4B9F-95E0-B5C89C0602EC}.Debug|Any CPU.ActiveCfg = Debug|Any CPU
		{670110F4-1A2A-4B9F-95E0-B5C89C0602EC}.Debug|Any CPU.Build.0 = Debug|Any CPU
		{670110F4-1A2A-4B9F-95E0-B5C89C0602EC}.Release|Any CPU.ActiveCfg = Release|Any CPU
		{670110F4-1A2A-4B9F-95E0-B5C89C0602EC}.Release|Any CPU.Build.0 = Release|Any CPU
		{07E894A4-D36F-4719-8698-B190F0640144}.Debug|Any CPU.ActiveCfg = Debug|Any CPU
		{07E894A4-D36F-4719-8698-B190F0640144}.Debug|Any CPU.Build.0 = Debug|Any CPU
		{07E894A4-D36F-4719-8698-B190F0640144}.Release|Any CPU.ActiveCfg = Release|Any CPU
		{07E894A4-D36F-4719-8698-B190F0640144}.Release|Any CPU.Build.0 = Release|Any CPU
		{5AAE4C49-1AB6-4EF0-AB98-EF831D9EEFC0}.Debug|Any CPU.ActiveCfg = Debug|Any CPU
		{5AAE4C49-1AB6-4EF0-AB98-EF831D9EEFC0}.Debug|Any CPU.Build.0 = Debug|Any CPU
		{5AAE4C49-1AB6-4EF0-AB98-EF831D9EEFC0}.Release|Any CPU.ActiveCfg = Release|Any CPU
		{5AAE4C49-1AB6-4EF0-AB98-EF831D9EEFC0}.Release|Any CPU.Build.0 = Release|Any CPU
	EndGlobalSection
	GlobalSection(SolutionProperties) = preSolution
		HideSolutionNode = FALSE
	EndGlobalSection
	GlobalSection(NestedProjects) = preSolution
		{3F52880A-6769-45B8-9ADB-11C6EF26C318} = {B265B660-7237-4861-90D3-845B04414859}
		{CE50BA7B-3EFA-4D97-9549-9051AA5241FC} = {B265B660-7237-4861-90D3-845B04414859}
		{6E409EBF-104A-49EF-B39A-6ACF7070830C} = {B265B660-7237-4861-90D3-845B04414859}
		{C65AF584-C97C-4987-8767-68884E7DD60A} = {E9E373CD-0967-4A60-AB5F-35377C131F93}
		{CD788F83-2371-4EA4-9A5B-E7906DF38088} = {E9E373CD-0967-4A60-AB5F-35377C131F93}
		{C03FFBEC-293C-455E-8B86-63E0DA832371} = {E9E373CD-0967-4A60-AB5F-35377C131F93}
		{670110F4-1A2A-4B9F-95E0-B5C89C0602EC} = {4E6EFC05-2EE8-4C71-A723-D64F3DD8D106}
		{07E894A4-D36F-4719-8698-B190F0640144} = {4E6EFC05-2EE8-4C71-A723-D64F3DD8D106}
		{5AAE4C49-1AB6-4EF0-AB98-EF831D9EEFC0} = {4E6EFC05-2EE8-4C71-A723-D64F3DD8D106}
	EndGlobalSection
	GlobalSection(ExtensibilityGlobals) = postSolution
		SolutionGuid = {114C832C-7405-48B7-AD37-4E491E1C18EF}
	EndGlobalSection
EndGlobal
